
Microsoft Visual Studio Solution File, Format Version 12.00
# Visual Studio 15
VisualStudioVersion = 15.0.28010.2046
MinimumVisualStudioVersion = 10.0.40219.1
Project("{FAE04EC0-301F-11D3-BF4B-00C04F79EFBC}") = "UriBuilder", "UriBuilder\UriBuilder.csproj", "{F2FCB8A3-FFCA-4C76-8364-C1993600851B}"
EndProject
Global
	GlobalSection(SolutionConfigurationPlatforms) = preSolution
		Debug|Any CPU = Debug|Any CPU
		Release|Any CPU = Release|Any CPU
	EndGlobalSection
	GlobalSection(ProjectConfigurationPlatforms) = postSolution
		{F2FCB8A3-FFCA-4C76-8364-C1993600851B}.Debug|Any CPU.ActiveCfg = Debug|Any CPU
		{F2FCB8A3-FFCA-4C76-8364-C1993600851B}.Debug|Any CPU.Build.0 = Debug|Any CPU
		{F2FCB8A3-FFCA-4C76-8364-C1993600851B}.Release|Any CPU.ActiveCfg = Release|Any CPU
		{F2FCB8A3-FFCA-4C76-8364-C1993600851B}.Release|Any CPU.Build.0 = Release|Any CPU
	EndGlobalSection
	GlobalSection(SolutionProperties) = preSolution
		HideSolutionNode = FALSE
	EndGlobalSection
	GlobalSection(ExtensibilityGlobals) = postSolution
		SolutionGuid = {2C956CB1-5FF9-450B-B5F1-6CD24D82E7D3}
	EndGlobalSection
EndGlobal
